
Microsoft Visual Studio Solution File, Format Version 12.00
# Visual Studio Version 16
VisualStudioVersion = 16.0.31424.327
MinimumVisualStudioVersion = 10.0.40219.1
Project("{FAE04EC0-301F-11D3-BF4B-00C04F79EFBC}") = "SieuThiMini", "SieuThiMini\SieuThiMini.csproj", "{B9F34E5B-ED16-4456-98BA-0FB67FCCE321}"
EndProject
Global
	GlobalSection(SolutionConfigurationPlatforms) = preSolution
		Debug|Any CPU = Debug|Any CPU
		Release|Any CPU = Release|Any CPU
	EndGlobalSection
	GlobalSection(ProjectConfigurationPlatforms) = postSolution
		{B9F34E5B-ED16-4456-98BA-0FB67FCCE321}.Debug|Any CPU.ActiveCfg = Debug|Any CPU
		{B9F34E5B-ED16-4456-98BA-0FB67FCCE321}.Debug|Any CPU.Build.0 = Debug|Any CPU
		{B9F34E5B-ED16-4456-98BA-0FB67FCCE321}.Release|Any CPU.ActiveCfg = Release|Any CPU
		{B9F34E5B-ED16-4456-98BA-0FB67FCCE321}.Release|Any CPU.Build.0 = Release|Any CPU
	EndGlobalSection
	GlobalSection(SolutionProperties) = preSolution
		HideSolutionNode = FALSE
	EndGlobalSection
	GlobalSection(ExtensibilityGlobals) = postSolution
		SolutionGuid = {555C95AE-F31B-4D8F-BC5D-93E0245857DE}
	EndGlobalSection
EndGlobal
